
Microsoft Visual Studio Solution File, Format Version 12.00
# Visual Studio Version 16
VisualStudioVersion = 16.0.28803.156
MinimumVisualStudioVersion = 10.0.40219.1
Project("{FAE04EC0-301F-11D3-BF4B-00C04F79EFBC}") = "Exercise2_Composition", "Exercise2_Composition\Exercise2_Composition.csproj", "{0D42B68C-2D07-4F08-B96D-D2EBAABE9197}"
EndProject
Global
	GlobalSection(SolutionConfigurationPlatforms) = preSolution
		Debug|Any CPU = Debug|Any CPU
		Release|Any CPU = Release|Any CPU
	EndGlobalSection
	GlobalSection(ProjectConfigurationPlatforms) = postSolution
		{0D42B68C-2D07-4F08-B96D-D2EBAABE9197}.Debug|Any CPU.ActiveCfg = Debug|Any CPU
		{0D42B68C-2D07-4F08-B96D-D2EBAABE9197}.Debug|Any CPU.Build.0 = Debug|Any CPU
		{0D42B68C-2D07-4F08-B96D-D2EBAABE9197}.Release|Any CPU.ActiveCfg = Release|Any CPU
		{0D42B68C-2D07-4F08-B96D-D2EBAABE9197}.Release|Any CPU.Build.0 = Release|Any CPU
	EndGlobalSection
	GlobalSection(SolutionProperties) = preSolution
		HideSolutionNode = FALSE
	EndGlobalSection
	GlobalSection(ExtensibilityGlobals) = postSolution
		SolutionGuid = {88FFBF1B-01E9-4D48-A9A6-E15147CC720A}
	EndGlobalSection
EndGlobal
